
Microsoft Visual Studio Solution File, Format Version 12.00
# Visual Studio Version 16
VisualStudioVersion = 16.0.33027.164
MinimumVisualStudioVersion = 10.0.40219.1
Project("{FAE04EC0-301F-11D3-BF4B-00C04F79EFBC}") = "ProyectoDefinitivoDINT", "ProyectoDefinitivoDINT.csproj", "{337D3E24-67CD-4A88-8A3B-78108025F8F8}"
EndProject
Global
	GlobalSection(SolutionConfigurationPlatforms) = preSolution
		Debug|Any CPU = Debug|Any CPU
		Release|Any CPU = Release|Any CPU
	EndGlobalSection
	GlobalSection(ProjectConfigurationPlatforms) = postSolution
		{337D3E24-67CD-4A88-8A3B-78108025F8F8}.Debug|Any CPU.ActiveCfg = Debug|Any CPU
		{337D3E24-67CD-4A88-8A3B-78108025F8F8}.Debug|Any CPU.Build.0 = Debug|Any CPU
		{337D3E24-67CD-4A88-8A3B-78108025F8F8}.Release|Any CPU.ActiveCfg = Release|Any CPU
		{337D3E24-67CD-4A88-8A3B-78108025F8F8}.Release|Any CPU.Build.0 = Release|Any CPU
	EndGlobalSection
	GlobalSection(SolutionProperties) = preSolution
		HideSolutionNode = FALSE
	EndGlobalSection
	GlobalSection(ExtensibilityGlobals) = postSolution
		SolutionGuid = {66F9FF45-AB68-45CA-9B50-2E6AF27839EC}
	EndGlobalSection
EndGlobal
